
Microsoft Visual Studio Solution File, Format Version 12.00
# Visual Studio Version 17
VisualStudioVersion = 17.9.34607.119
MinimumVisualStudioVersion = 10.0.40219.1
Project("{FAE04EC0-301F-11D3-BF4B-00C04F79EFBC}") = "ConsoleApp2", "ConsoleApp2\ConsoleApp2.csproj", "{C310C931-7049-4090-94C0-2D282DA46882}"
EndProject
Global
	GlobalSection(SolutionConfigurationPlatforms) = preSolution
		Debug|Any CPU = Debug|Any CPU
		Release|Any CPU = Release|Any CPU
	EndGlobalSection
	GlobalSection(ProjectConfigurationPlatforms) = postSolution
		{C310C931-7049-4090-94C0-2D282DA46882}.Debug|Any CPU.ActiveCfg = Debug|Any CPU
		{C310C931-7049-4090-94C0-2D282DA46882}.Debug|Any CPU.Build.0 = Debug|Any CPU
		{C310C931-7049-4090-94C0-2D282DA46882}.Release|Any CPU.ActiveCfg = Release|Any CPU
		{C310C931-7049-4090-94C0-2D282DA46882}.Release|Any CPU.Build.0 = Release|Any CPU
	EndGlobalSection
	GlobalSection(SolutionProperties) = preSolution
		HideSolutionNode = FALSE
	EndGlobalSection
	GlobalSection(ExtensibilityGlobals) = postSolution
		SolutionGuid = {EAFFA966-C126-4905-84CE-78B1C515BEAC}
	EndGlobalSection
EndGlobal
